<?xml version="1.0" encoding="utf-8"?>
<Project ToolsVersion="4.0" xmlns="http://schemas.microsoft.com/developer/msbuild/2003">
  <ItemGroup>
    <Filter Include="Assets">
      <UniqueIdentifier>{432f27a7-7fe7-47b9-9070-7b034028e2f3}</UniqueIdentifier>
      <Extensions>qml;js;jpg;png;gif;amd</Extensions>
    </Filter>
    <Filter Include="Config Files">
      <UniqueIdentifier>{3ebe8bf9-431a-4968-8563-d3bca035f6aa}</UniqueIdentifier>
      <Extensions>pri;pro;xml</Extensions>
    </Filter>
    <Filter Include="Source Files">
      <UniqueIdentifier>{833b8867-2a3e-4ccb-a2fe-3c0d39bc314b}</UniqueIdentifier>
      <Extensions>cpp;c;cc;cxx;def;bat;h;hpp;hxx;hm;inl;inc;xsd</Extensions>
    </Filter>
    <Filter Include="Translations">
      <UniqueIdentifier>{67e09e08-59a8-4a14-976e-cccedd5454cb}</UniqueIdentifier>
      <Extensions>ts;qm</Extensions>
    </Filter>
  </ItemGroup>
  <ItemGroup>
    <None Include="AudioLoopBackSample.pro">
      <Filter>Config Files</Filter>
    </None>
    <None Include="bar-descriptor.xml">
      <Filter>Config Files</Filter>
    </None>
    <None Include="config.pri">
      <Filter>Config Files</Filter>
    </None>
    <None Include="icon.png">
      <Filter>Assets</Filter>
    </None>
    <None Include="LICENSE" />
    <None Include="Makefile" />
    <None Include="README.txt" />
    <None Include="assets\DTMFG.WAV">
      <Filter>Assets</Filter>
    </None>
    <None Include="assets\hash.png">
      <Filter>Assets</Filter>
    </None>
    <None Include="assets\main.qml">
      <Filter>Assets</Filter>
    </None>
    <None Include="translations\AudioLoopBackSample.pro">
      <Filter>Translations</Filter>
    </None>
    <None Include="translations\AudioLoopBackSample.ts">
      <Filter>Translations</Filter>
    </None>
    <None Include="translations\Makefile">
      <Filter>Translations</Filter>
    </None>
  </ItemGroup>
  <ItemGroup>
    <ClInclude Include="precompiled.h">
      <Filter>Source Files</Filter>
    </ClInclude>
    <ClInclude Include="src\AudioControl.hpp">
      <Filter>Source Files</Filter>
    </ClInclude>
    <ClInclude Include="src\AudioLoopBackSample.hpp">
      <Filter>Source Files</Filter>
    </ClInclude>
  </ItemGroup>
  <ItemGroup>
    <ClCompile Include="src\AudioControl.cpp">
      <Filter>Source Files</Filter>
    </ClCompile>
    <ClCompile Include="src\AudioLoopBackSample.cpp">
      <Filter>Source Files</Filter>
    </ClCompile>
    <ClCompile Include="src\audiopcm.cpp">
      <Filter>Source Files</Filter>
    </ClCompile>
    <ClCompile Include="src\main.cpp">
      <Filter>Source Files</Filter>
    </ClCompile>
  </ItemGroup>
</Project>