<?xml version="1.0" encoding="utf-8"?>
<Project ToolsVersion="4.0" xmlns="http://schemas.microsoft.com/developer/msbuild/2003">
  <ItemGroup>
    <Filter Include="Assets">
      <UniqueIdentifier>{2ec6314e-f5f5-42b2-8a76-674474e86639}</UniqueIdentifier>
      <Extensions>qml;js;jpg;png;gif;amd</Extensions>
    </Filter>
    <Filter Include="Config Files">
      <UniqueIdentifier>{e3d0573d-0792-427b-ad8f-598d19d8b0e8}</UniqueIdentifier>
      <Extensions>pri;pro;xml</Extensions>
    </Filter>
    <Filter Include="Source Files">
      <UniqueIdentifier>{e476e190-3a28-4cc1-beee-987b364d47ff}</UniqueIdentifier>
      <Extensions>cpp;c;cc;cxx;def;bat;h;hpp;hxx;hm;inl;inc;xsd</Extensions>
    </Filter>
    <Filter Include="Translations">
      <UniqueIdentifier>{b327b42e-e33a-4e6b-b96c-a45bf4cd9faf}</UniqueIdentifier>
      <Extensions>ts;qm</Extensions>
    </Filter>
  </ItemGroup>
  <ItemGroup>
    <None Include="LICENSE" />
    <None Include="README.md" />
    <None Include="Scripts\install.cmd" />
  </ItemGroup>
  <ItemGroup>
    <ClCompile Include="src\BtHrmPlugin.c">
      <Filter>Source Files</Filter>
    </ClCompile>
  </ItemGroup>
  <ItemGroup>
    <ClInclude Include="src\BtHrmPlugin.h">
      <Filter>Source Files</Filter>
    </ClInclude>
    <ClInclude Include="src\BtHrmPluginExtern.h">
      <Filter>Source Files</Filter>
    </ClInclude>
    <ClInclude Include="src\BtHrmPluginTypes.h">
      <Filter>Source Files</Filter>
    </ClInclude>
  </ItemGroup>
</Project>