<?xml version="1.0" encoding="utf-8"?>
<Project ToolsVersion="4.0" xmlns="http://schemas.microsoft.com/developer/msbuild/2003">
  <ItemGroup>
    <Filter Include="Assets">
      <UniqueIdentifier>{e39b366a-2024-495d-b7dd-b398636e58c3}</UniqueIdentifier>
      <Extensions>qml;js;jpg;png;gif;amd</Extensions>
    </Filter>
    <Filter Include="Config Files">
      <UniqueIdentifier>{9f57763b-a7a8-4f73-874c-60960c90e99f}</UniqueIdentifier>
      <Extensions>pri;pro;xml</Extensions>
    </Filter>
    <Filter Include="Source Files">
      <UniqueIdentifier>{86a5f9f4-3865-4075-966d-e549b3012135}</UniqueIdentifier>
      <Extensions>cpp;c;cc;cxx;def;bat;h;hpp;hxx;hm;inl;inc;xsd</Extensions>
    </Filter>
    <Filter Include="Translations">
      <UniqueIdentifier>{f1e8f47f-4b5d-490a-b75b-6b1f6460040d}</UniqueIdentifier>
      <Extensions>ts;qm</Extensions>
    </Filter>
  </ItemGroup>
  <ItemGroup>
    <None Include="bar-descriptor.xml">
      <Filter>Config Files</Filter>
    </None>
    <None Include="icon.png">
      <Filter>Assets</Filter>
    </None>
    <None Include="LICENSE" />
    <None Include="README.txt" />
  </ItemGroup>
  <ItemGroup>
    <ClCompile Include="src\voiceTest.c">
      <Filter>Source Files</Filter>
    </ClCompile>
  </ItemGroup>
</Project>