<?xml version="1.0" encoding="utf-8"?>
<Project ToolsVersion="4.0" xmlns="http://schemas.microsoft.com/developer/msbuild/2003">
  <ItemGroup>
    <Filter Include="Assets">
      <UniqueIdentifier>{7dc40e11-dca1-42ed-8508-208958499ecc}</UniqueIdentifier>
      <Extensions>qml;js;jpg;png;gif;amd</Extensions>
    </Filter>
    <Filter Include="Config Files">
      <UniqueIdentifier>{b8d8a0c6-f7d7-4285-8087-88252a75b554}</UniqueIdentifier>
      <Extensions>pri;pro;xml</Extensions>
    </Filter>
    <Filter Include="Source Files">
      <UniqueIdentifier>{379243a6-e5e1-4bcc-a2dc-f0c7969e5ec9}</UniqueIdentifier>
      <Extensions>cpp;c;cc;cxx;def;bat;h;hpp;hxx;hm;inl;inc;xsd</Extensions>
    </Filter>
    <Filter Include="Translations">
      <UniqueIdentifier>{59448742-04df-46d8-9325-855c579795c1}</UniqueIdentifier>
      <Extensions>ts;qm</Extensions>
    </Filter>
  </ItemGroup>
  <ItemGroup>
    <None Include="bar-descriptor.xml">
      <Filter>Config Files</Filter>
    </None>
    <None Include="icon.png">
      <Filter>Assets</Filter>
    </None>
    <None Include="LICENSE" />
    <None Include="NOTICE" />
    <None Include="README.md" />
  </ItemGroup>
  <ItemGroup>
    <ClCompile Include="src\main.c">
      <Filter>Source Files</Filter>
    </ClCompile>
  </ItemGroup>
</Project>