<?xml version="1.0" encoding="utf-8"?>
<Project ToolsVersion="4.0" xmlns="http://schemas.microsoft.com/developer/msbuild/2003">
  <ItemGroup>
    <Filter Include="Assets">
      <UniqueIdentifier>{db7cbf8d-c514-4045-9db2-0e2a5feaedee}</UniqueIdentifier>
      <Extensions>qml;js;jpg;png;gif;amd</Extensions>
    </Filter>
    <Filter Include="Config Files">
      <UniqueIdentifier>{ffe6f28b-0337-463c-938c-c20378b1c9f6}</UniqueIdentifier>
      <Extensions>pri;pro;xml</Extensions>
    </Filter>
    <Filter Include="Source Files">
      <UniqueIdentifier>{48cc7ef1-d0d3-406b-9349-100426c2c06d}</UniqueIdentifier>
      <Extensions>cpp;c;cc;cxx;def;bat;h;hpp;hxx;hm;inl;inc;xsd</Extensions>
    </Filter>
    <Filter Include="Translations">
      <UniqueIdentifier>{d0b3a6a7-2c9e-4e0f-9832-4e62202e7c89}</UniqueIdentifier>
      <Extensions>ts;qm</Extensions>
    </Filter>
  </ItemGroup>
  <ItemGroup>
    <None Include="bar-descriptor.xml">
      <Filter>Config Files</Filter>
    </None>
    <None Include="icon.png">
      <Filter>Assets</Filter>
    </None>
    <None Include="LICENSE" />
    <None Include="NOTICE" />
    <None Include="readme.txt" />
  </ItemGroup>
  <ItemGroup>
    <ClCompile Include="main.c">
      <Filter>Source Files</Filter>
    </ClCompile>
    <ClCompile Include="BbmRegistration.c">
      <Filter>Source Files</Filter>
    </ClCompile>
  </ItemGroup>
  <ItemGroup>
    <ClInclude Include="BbmRegistration.h">
      <Filter>Source Files</Filter>
    </ClInclude>
  </ItemGroup>
</Project>